Microsoft Visual Studio Solution File, Format Version 12.00
# Visual Studio Version 17
VisualStudioVersion = 17.5.2.0
MinimumVisualStudioVersion = 10.0.40219.1
Project("{FAE04EC0-301F-11D3-BF4B-00C04F79EFBC}") = "Variant1", "Variant1.csproj", "{566F7366-8507-1B78-072B-09BF2A744B1A}"
EndProject
Global
	GlobalSection(SolutionConfigurationPlatforms) = preSolution
		Debug|Any CPU = Debug|Any CPU
		Release|Any CPU = Release|Any CPU
	EndGlobalSection
	GlobalSection(ProjectConfigurationPlatforms) = postSolution
		{566F7366-8507-1B78-072B-09BF2A744B1A}.Debug|Any CPU.ActiveCfg = Debug|Any CPU
		{566F7366-8507-1B78-072B-09BF2A744B1A}.Debug|Any CPU.Build.0 = Debug|Any CPU
		{566F7366-8507-1B78-072B-09BF2A744B1A}.Release|Any CPU.ActiveCfg = Release|Any CPU
		{566F7366-8507-1B78-072B-09BF2A744B1A}.Release|Any CPU.Build.0 = Release|Any CPU
	EndGlobalSection
	GlobalSection(SolutionProperties) = preSolution
		HideSolutionNode = FALSE
	EndGlobalSection
	GlobalSection(ExtensibilityGlobals) = postSolution
		SolutionGuid = {F8D3E2BC-7AAE-45EC-A5A7-F81E804EB5D4}
	EndGlobalSection
EndGlobal
